
Microsoft Visual Studio Solution File, Format Version 12.00
# Visual Studio Version 17
VisualStudioVersion = 17.10.35013.160
MinimumVisualStudioVersion = 10.0.40219.1
Project("{FAE04EC0-301F-11D3-BF4B-00C04F79EFBC}") = "Week2Closing", "Week2Closing\Week2Closing.csproj", "{3F50E6E4-FCEE-48AB-9EB3-084770D53CB4}"
EndProject
Global
	GlobalSection(SolutionConfigurationPlatforms) = preSolution
		Debug|Any CPU = Debug|Any CPU
		Release|Any CPU = Release|Any CPU
	EndGlobalSection
	GlobalSection(ProjectConfigurationPlatforms) = postSolution
		{3F50E6E4-FCEE-48AB-9EB3-084770D53CB4}.Debug|Any CPU.ActiveCfg = Debug|Any CPU
		{3F50E6E4-FCEE-48AB-9EB3-084770D53CB4}.Debug|Any CPU.Build.0 = Debug|Any CPU
		{3F50E6E4-FCEE-48AB-9EB3-084770D53CB4}.Release|Any CPU.ActiveCfg = Release|Any CPU
		{3F50E6E4-FCEE-48AB-9EB3-084770D53CB4}.Release|Any CPU.Build.0 = Release|Any CPU
	EndGlobalSection
	GlobalSection(SolutionProperties) = preSolution
		HideSolutionNode = FALSE
	EndGlobalSection
	GlobalSection(ExtensibilityGlobals) = postSolution
		SolutionGuid = {D40FE312-4816-4355-9A52-A03222E7800D}
	EndGlobalSection
EndGlobal
